{
    "_readme": [
        "This file locks the dependencies of your project to a known state",
        "Read more about it at https://getcomposer.org/doc/01-basic-usage.md#installing-dependencies",
        "This file is @generated automatically"
    ],
    "content-hash": "e10ccb4c40397595bd7648877e3844c1",
    "packages": [
        {
            "name": "nette/utils",
            "version": "dev-master",
            "source": {
                "type": "git",
                "url": "https://github.com/nette/utils.git",
                "reference": "7c2a4deaf2ebf54315fdb204911534f97cb19d18"
            },
            "dist": {
                "type": "zip",
                "url": "https://api.github.com/repos/nette/utils/zipball/7c2a4deaf2ebf54315fdb204911534f97cb19d18",
                "reference": "7c2a4deaf2ebf54315fdb204911534f97cb19d18",
                "shasum": ""
            },
            "require": {
                "php": ">=8.0 <8.3"
            },
            "conflict": {
                "nette/di": "<3.0.6"
            },
            "require-dev": {
                "nette/tester": "^2.4",
                "phpstan/phpstan": "^1.0",
                "tracy/tracy": "^2.8"
            },
            "suggest": {
                "ext-gd": "to use Image",
                "ext-iconv": "to use Strings::webalize(), toAscii(), chr() and reverse()",
                "ext-intl": "to use Strings::webalize(), toAscii(), normalize() and compare()",
                "ext-json": "to use Nette\\Utils\\Json",
                "ext-mbstring": "to use Strings::lower() etc...",
                "ext-tokenizer": "to use Nette\\Utils\\Reflection::getUseStatements()",
                "ext-xml": "to use Strings::length() etc. when mbstring is not available"
            },
            "default-branch": true,
            "type": "library",
            "extra": {
                "branch-alias": {
                    "dev-master": "4.0-dev"
                }
            },
            "autoload": {
                "classmap": [
                    "src/"
                ]
            },
            "notification-url": "https://packagist.org/downloads/",
            "license": [
                "BSD-3-Clause",
                "GPL-2.0-only",
                "GPL-3.0-only"
            ],
            "authors": [
                {
                    "name": "David Grudl",
                    "homepage": "https://davidgrudl.com"
                },
                {
                    "name": "Nette Community",
                    "homepage": "https://nette.org/contributors"
                }
            ],
            "description": "🛠  Nette Utils: lightweight utilities for string & array manipulation, image handling, safe JSON encoding/decoding, validation, slug or strong password generating etc.",
            "homepage": "https://nette.org",
            "keywords": [
                "array",
                "core",
                "datetime",
                "images",
                "json",
                "nette",
                "paginator",
                "password",
                "slugify",
                "string",
                "unicode",
                "utf-8",
                "utility",
                "validation"
            ],
            "support": {
                "issues": "https://github.com/nette/utils/issues",
                "source": "https://github.com/nette/utils/tree/master"
            },
            "time": "2022-12-04T22:52:36+00:00"
        }
    ],
    "packages-dev": [
        {
            "name": "nette/tester",
            "version": "dev-master",
            "source": {
                "type": "git",
                "url": "https://github.com/nette/tester.git",
                "reference": "c77c133d4fd9807d4a49629331bf0ce28d755ea3"
            },
            "dist": {
                "type": "zip",
                "url": "https://api.github.com/repos/nette/tester/zipball/c77c133d4fd9807d4a49629331bf0ce28d755ea3",
                "reference": "c77c133d4fd9807d4a49629331bf0ce28d755ea3",
                "shasum": ""
            },
            "require": {
                "php": ">=8.0 <8.3"
            },
            "require-dev": {
                "ext-simplexml": "*",
                "phpstan/phpstan": "^1.0"
            },
            "default-branch": true,
            "bin": [
                "src/tester"
            ],
            "type": "library",
            "extra": {
                "branch-alias": {
                    "dev-master": "2.5-dev"
                }
            },
            "autoload": {
                "classmap": [
                    "src/"
                ]
            },
            "notification-url": "https://packagist.org/downloads/",
            "license": [
                "BSD-3-Clause",
                "GPL-2.0-only",
                "GPL-3.0-only"
            ],
            "authors": [
                {
                    "name": "David Grudl",
                    "homepage": "https://davidgrudl.com"
                },
                {
                    "name": "Miloslav Hůla",
                    "homepage": "https://github.com/milo"
                },
                {
                    "name": "Nette Community",
                    "homepage": "https://nette.org/contributors"
                }
            ],
            "description": "Nette Tester: enjoyable unit testing in PHP with code coverage reporter. 🍏🍏🍎🍏",
            "homepage": "https://tester.nette.org",
            "keywords": [
                "Xdebug",
                "assertions",
                "clover",
                "code coverage",
                "nette",
                "pcov",
                "phpdbg",
                "phpunit",
                "testing",
                "unit"
            ],
            "support": {
                "issues": "https://github.com/nette/tester/issues",
                "source": "https://github.com/nette/tester/tree/master"
            },
            "time": "2022-10-23T16:15:36+00:00"
        },
        {
            "name": "tracy/tracy",
            "version": "v2.9.x-dev",
            "source": {
                "type": "git",
                "url": "https://github.com/nette/tracy.git",
                "reference": "89936aa9fc428e14736c637ad535bcce6ddc6382"
            },
            "dist": {
                "type": "zip",
                "url": "https://api.github.com/repos/nette/tracy/zipball/89936aa9fc428e14736c637ad535bcce6ddc6382",
                "reference": "89936aa9fc428e14736c637ad535bcce6ddc6382",
                "shasum": ""
            },
            "require": {
                "ext-json": "*",
                "ext-session": "*",
                "php": ">=7.2 <8.3"
            },
            "conflict": {
                "nette/di": "<3.0"
            },
            "require-dev": {
                "latte/latte": "^2.5",
                "nette/di": "^3.0",
                "nette/mail": "^3.0",
                "nette/tester": "^2.2",
                "nette/utils": "^3.0",
                "phpstan/phpstan": "^1.0",
                "psr/log": "^1.0 || ^2.0 || ^3.0"
            },
            "type": "library",
            "extra": {
                "branch-alias": {
                    "dev-master": "2.9-dev"
                }
            },
            "autoload": {
                "files": [
                    "src/Tracy/functions.php"
                ],
                "classmap": [
                    "src"
                ]
            },
            "notification-url": "https://packagist.org/downloads/",
            "license": [
                "BSD-3-Clause"
            ],
            "authors": [
                {
                    "name": "David Grudl",
                    "homepage": "https://davidgrudl.com"
                },
                {
                    "name": "Nette Community",
                    "homepage": "https://nette.org/contributors"
                }
            ],
            "description": "😎  Tracy: the addictive tool to ease debugging PHP code for cool developers. Friendly design, logging, profiler, advanced features like debugging AJAX calls or CLI support. You will love it.",
            "homepage": "https://tracy.nette.org",
            "keywords": [
                "Xdebug",
                "debug",
                "debugger",
                "nette",
                "profiler"
            ],
            "support": {
                "issues": "https://github.com/nette/tracy/issues",
                "source": "https://github.com/nette/tracy/tree/v2.9.5"
            },
            "time": "2022-11-18T02:50:22+00:00"
        }
    ],
    "aliases": [],
    "minimum-stability": "dev",
    "stability-flags": [],
    "prefer-stable": false,
    "prefer-lowest": false,
    "platform": {
        "php": ">=8.0 <8.3"
    },
    "platform-dev": [],
    "plugin-api-version": "2.3.0"
}
